
Microsoft Visual Studio Solution File, Format Version 12.00
# Visual Studio Version 17
VisualStudioVersion = 17.0.31903.59
MinimumVisualStudioVersion = 10.0.40219.1
Project("{2150E333-8FDC-42A3-9474-1A3956D46DE8}") = "src", "src", "{827E0CD3-B72D-47B6-A68D-7590B98EB39B}"
EndProject
Project("{FAE04EC0-301F-11D3-BF4B-00C04F79EFBC}") = "SwimClub.Domain", "src\SwimClub.Domain\SwimClub.Domain.csproj", "{FC4D94C4-17B6-4419-A2F1-64916E0B8403}"
EndProject
Project("{FAE04EC0-301F-11D3-BF4B-00C04F79EFBC}") = "SwimClub.Application", "src\SwimClub.Application\SwimClub.Application.csproj", "{F00DC498-BE82-4C44-B164-F4510C30C809}"
EndProject
Project("{FAE04EC0-301F-11D3-BF4B-00C04F79EFBC}") = "SwimClub.Infrastructure", "src\SwimClub.Infrastructure\SwimClub.Infrastructure.csproj", "{15F2EAA2-2656-42E4-9632-8C1E46074F06}"
EndProject
Project("{FAE04EC0-301F-11D3-BF4B-00C04F79EFBC}") = "SwimClub.UI", "src\SwimClub.UI\SwimClub.UI.csproj", "{C8100E99-44BD-40B9-9087-725A7BE56668}"
EndProject
Project("{FAE04EC0-301F-11D3-BF4B-00C04F79EFBC}") = "SwimClub.Domain.Tests", "tests\SwimClub.Domain.Tests\SwimClub.Domain.Tests.csproj", "{7359C787-C37A-4A84-84C8-13BF2E38E6A7}"
EndProject
Project("{FAE04EC0-301F-11D3-BF4B-00C04F79EFBC}") = "SwimClub.Application.Tests", "tests\SwimClub.Application.Tests\SwimClub.Application.Tests.csproj", "{D6D96085-82FD-4BF0-95D8-D51A0CE88A93}"
EndProject
Project("{FAE04EC0-301F-11D3-BF4B-00C04F79EFBC}") = "SwimClub.Infrastructure.Tests", "tests\SwimClub.Infrastructure.Tests\SwimClub.Infrastructure.Tests.csproj", "{608F4508-A071-4925-873E-71F2AE5E88AA}"
EndProject
Project("{FAE04EC0-301F-11D3-BF4B-00C04F79EFBC}") = "SwimClub.UI.Tests", "tests\SwimClub.UI.Tests\SwimClub.UI.Tests.csproj", "{100344CD-0F2F-41AF-9EB4-2D4B5D4C4605}"
EndProject
Global
	GlobalSection(SolutionConfigurationPlatforms) = preSolution
		Debug|Any CPU = Debug|Any CPU
		Debug|x64 = Debug|x64
		Debug|x86 = Debug|x86
		Release|Any CPU = Release|Any CPU
		Release|x64 = Release|x64
		Release|x86 = Release|x86
	EndGlobalSection
	GlobalSection(ProjectConfigurationPlatforms) = postSolution
		{FC4D94C4-17B6-4419-A2F1-64916E0B8403}.Debug|Any CPU.ActiveCfg = Debug|Any CPU
		{FC4D94C4-17B6-4419-A2F1-64916E0B8403}.Debug|Any CPU.Build.0 = Debug|Any CPU
		{FC4D94C4-17B6-4419-A2F1-64916E0B8403}.Debug|x64.ActiveCfg = Debug|Any CPU
		{FC4D94C4-17B6-4419-A2F1-64916E0B8403}.Debug|x64.Build.0 = Debug|Any CPU
		{FC4D94C4-17B6-4419-A2F1-64916E0B8403}.Debug|x86.ActiveCfg = Debug|Any CPU
		{FC4D94C4-17B6-4419-A2F1-64916E0B8403}.Debug|x86.Build.0 = Debug|Any CPU
		{FC4D94C4-17B6-4419-A2F1-64916E0B8403}.Release|Any CPU.ActiveCfg = Release|Any CPU
		{FC4D94C4-17B6-4419-A2F1-64916E0B8403}.Release|Any CPU.Build.0 = Release|Any CPU
		{FC4D94C4-17B6-4419-A2F1-64916E0B8403}.Release|x64.ActiveCfg = Release|Any CPU
		{FC4D94C4-17B6-4419-A2F1-64916E0B8403}.Release|x64.Build.0 = Release|Any CPU
		{FC4D94C4-17B6-4419-A2F1-64916E0B8403}.Release|x86.ActiveCfg = Release|Any CPU
		{FC4D94C4-17B6-4419-A2F1-64916E0B8403}.Release|x86.Build.0 = Release|Any CPU
		{F00DC498-BE82-4C44-B164-F4510C30C809}.Debug|Any CPU.ActiveCfg = Debug|Any CPU
		{F00DC498-BE82-4C44-B164-F4510C30C809}.Debug|Any CPU.Build.0 = Debug|Any CPU
		{F00DC498-BE82-4C44-B164-F4510C30C809}.Debug|x64.ActiveCfg = Debug|Any CPU
		{F00DC498-BE82-4C44-B164-F4510C30C809}.Debug|x64.Build.0 = Debug|Any CPU
		{F00DC498-BE82-4C44-B164-F4510C30C809}.Debug|x86.ActiveCfg = Debug|Any CPU
		{F00DC498-BE82-4C44-B164-F4510C30C809}.Debug|x86.Build.0 = Debug|Any CPU
		{F00DC498-BE82-4C44-B164-F4510C30C809}.Release|Any CPU.ActiveCfg = Release|Any CPU
		{F00DC498-BE82-4C44-B164-F4510C30C809}.Release|Any CPU.Build.0 = Release|Any CPU
		{F00DC498-BE82-4C44-B164-F4510C30C809}.Release|x64.ActiveCfg = Release|Any CPU
		{F00DC498-BE82-4C44-B164-F4510C30C809}.Release|x64.Build.0 = Release|Any CPU
		{F00DC498-BE82-4C44-B164-F4510C30C809}.Release|x86.ActiveCfg = Release|Any CPU
		{F00DC498-BE82-4C44-B164-F4510C30C809}.Release|x86.Build.0 = Release|Any CPU
		{15F2EAA2-2656-42E4-9632-8C1E46074F06}.Debug|Any CPU.ActiveCfg = Debug|Any CPU
		{15F2EAA2-2656-42E4-9632-8C1E46074F06}.Debug|Any CPU.Build.0 = Debug|Any CPU
		{15F2EAA2-2656-42E4-9632-8C1E46074F06}.Debug|x64.ActiveCfg = Debug|Any CPU
		{15F2EAA2-2656-42E4-9632-8C1E46074F06}.Debug|x64.Build.0 = Debug|Any CPU
		{15F2EAA2-2656-42E4-9632-8C1E46074F06}.Debug|x86.ActiveCfg = Debug|Any CPU
		{15F2EAA2-2656-42E4-9632-8C1E46074F06}.Debug|x86.Build.0 = Debug|Any CPU
		{15F2EAA2-2656-42E4-9632-8C1E46074F06}.Release|Any CPU.ActiveCfg = Release|Any CPU
		{15F2EAA2-2656-42E4-9632-8C1E46074F06}.Release|Any CPU.Build.0 = Release|Any CPU
		{15F2EAA2-2656-42E4-9632-8C1E46074F06}.Release|x64.ActiveCfg = Release|Any CPU
		{15F2EAA2-2656-42E4-9632-8C1E46074F06}.Release|x64.Build.0 = Release|Any CPU
		{15F2EAA2-2656-42E4-9632-8C1E46074F06}.Release|x86.ActiveCfg = Release|Any CPU
		{15F2EAA2-2656-42E4-9632-8C1E46074F06}.Release|x86.Build.0 = Release|Any CPU
		{C8100E99-44BD-40B9-9087-725A7BE56668}.Debug|Any CPU.ActiveCfg = Debug|Any CPU
		{C8100E99-44BD-40B9-9087-725A7BE56668}.Debug|Any CPU.Build.0 = Debug|Any CPU
		{C8100E99-44BD-40B9-9087-725A7BE56668}.Debug|x64.ActiveCfg = Debug|Any CPU
		{C8100E99-44BD-40B9-9087-725A7BE56668}.Debug|x64.Build.0 = Debug|Any CPU
		{C8100E99-44BD-40B9-9087-725A7BE56668}.Debug|x86.ActiveCfg = Debug|Any CPU
		{C8100E99-44BD-40B9-9087-725A7BE56668}.Debug|x86.Build.0 = Debug|Any CPU
		{C8100E99-44BD-40B9-9087-725A7BE56668}.Release|Any CPU.ActiveCfg = Release|Any CPU
		{C8100E99-44BD-40B9-9087-725A7BE56668}.Release|Any CPU.Build.0 = Release|Any CPU
		{C8100E99-44BD-40B9-9087-725A7BE56668}.Release|x64.ActiveCfg = Release|Any CPU
		{C8100E99-44BD-40B9-9087-725A7BE56668}.Release|x64.Build.0 = Release|Any CPU
		{C8100E99-44BD-40B9-9087-725A7BE56668}.Release|x86.ActiveCfg = Release|Any CPU
		{C8100E99-44BD-40B9-9087-725A7BE56668}.Release|x86.Build.0 = Release|Any CPU
		{7359C787-C37A-4A84-84C8-13BF2E38E6A7}.Debug|Any CPU.ActiveCfg = Debug|Any CPU
		{7359C787-C37A-4A84-84C8-13BF2E38E6A7}.Debug|Any CPU.Build.0 = Debug|Any CPU
		{7359C787-C37A-4A84-84C8-13BF2E38E6A7}.Debug|x64.ActiveCfg = Debug|Any CPU
		{7359C787-C37A-4A84-84C8-13BF2E38E6A7}.Debug|x64.Build.0 = Debug|Any CPU
		{7359C787-C37A-4A84-84C8-13BF2E38E6A7}.Debug|x86.ActiveCfg = Debug|Any CPU
		{7359C787-C37A-4A84-84C8-13BF2E38E6A7}.Debug|x86.Build.0 = Debug|Any CPU
		{7359C787-C37A-4A84-84C8-13BF2E38E6A7}.Release|Any CPU.ActiveCfg = Release|Any CPU
		{7359C787-C37A-4A84-84C8-13BF2E38E6A7}.Release|Any CPU.Build.0 = Release|Any CPU
		{7359C787-C37A-4A84-84C8-13BF2E38E6A7}.Release|x64.ActiveCfg = Release|Any CPU
		{7359C787-C37A-4A84-84C8-13BF2E38E6A7}.Release|x64.Build.0 = Release|Any CPU
		{7359C787-C37A-4A84-84C8-13BF2E38E6A7}.Release|x86.ActiveCfg = Release|Any CPU
		{7359C787-C37A-4A84-84C8-13BF2E38E6A7}.Release|x86.Build.0 = Release|Any CPU
		{D6D96085-82FD-4BF0-95D8-D51A0CE88A93}.Debug|Any CPU.ActiveCfg = Debug|Any CPU
		{D6D96085-82FD-4BF0-95D8-D51A0CE88A93}.Debug|Any CPU.Build.0 = Debug|Any CPU
		{D6D96085-82FD-4BF0-95D8-D51A0CE88A93}.Debug|x64.ActiveCfg = Debug|Any CPU
		{D6D96085-82FD-4BF0-95D8-D51A0CE88A93}.Debug|x64.Build.0 = Debug|Any CPU
		{D6D96085-82FD-4BF0-95D8-D51A0CE88A93}.Debug|x86.ActiveCfg = Debug|Any CPU
		{D6D96085-82FD-4BF0-95D8-D51A0CE88A93}.Debug|x86.Build.0 = Debug|Any CPU
		{D6D96085-82FD-4BF0-95D8-D51A0CE88A93}.Release|Any CPU.ActiveCfg = Release|Any CPU
		{D6D96085-82FD-4BF0-95D8-D51A0CE88A93}.Release|Any CPU.Build.0 = Release|Any CPU
		{D6D96085-82FD-4BF0-95D8-D51A0CE88A93}.Release|x64.ActiveCfg = Release|Any CPU
		{D6D96085-82FD-4BF0-95D8-D51A0CE88A93}.Release|x64.Build.0 = Release|Any CPU
		{D6D96085-82FD-4BF0-95D8-D51A0CE88A93}.Release|x86.ActiveCfg = Release|Any CPU
		{D6D96085-82FD-4BF0-95D8-D51A0CE88A93}.Release|x86.Build.0 = Release|Any CPU
		{608F4508-A071-4925-873E-71F2AE5E88AA}.Debug|Any CPU.ActiveCfg = Debug|Any CPU
		{608F4508-A071-4925-873E-71F2AE5E88AA}.Debug|Any CPU.Build.0 = Debug|Any CPU
		{608F4508-A071-4925-873E-71F2AE5E88AA}.Debug|x64.ActiveCfg = Debug|Any CPU
		{608F4508-A071-4925-873E-71F2AE5E88AA}.Debug|x64.Build.0 = Debug|Any CPU
		{608F4508-A071-4925-873E-71F2AE5E88AA}.Debug|x86.ActiveCfg = Debug|Any CPU
		{608F4508-A071-4925-873E-71F2AE5E88AA}.Debug|x86.Build.0 = Debug|Any CPU
		{608F4508-A071-4925-873E-71F2AE5E88AA}.Release|Any CPU.ActiveCfg = Release|Any CPU
		{608F4508-A071-4925-873E-71F2AE5E88AA}.Release|Any CPU.Build.0 = Release|Any CPU
		{608F4508-A071-4925-873E-71F2AE5E88AA}.Release|x64.ActiveCfg = Release|Any CPU
		{608F4508-A071-4925-873E-71F2AE5E88AA}.Release|x64.Build.0 = Release|Any CPU
		{608F4508-A071-4925-873E-71F2AE5E88AA}.Release|x86.ActiveCfg = Release|Any CPU
		{608F4508-A071-4925-873E-71F2AE5E88AA}.Release|x86.Build.0 = Release|Any CPU
		{100344CD-0F2F-41AF-9EB4-2D4B5D4C4605}.Debug|Any CPU.ActiveCfg = Debug|Any CPU
		{100344CD-0F2F-41AF-9EB4-2D4B5D4C4605}.Debug|Any CPU.Build.0 = Debug|Any CPU
		{100344CD-0F2F-41AF-9EB4-2D4B5D4C4605}.Debug|x64.ActiveCfg = Debug|Any CPU
		{100344CD-0F2F-41AF-9EB4-2D4B5D4C4605}.Debug|x64.Build.0 = Debug|Any CPU
		{100344CD-0F2F-41AF-9EB4-2D4B5D4C4605}.Debug|x86.ActiveCfg = Debug|Any CPU
		{100344CD-0F2F-41AF-9EB4-2D4B5D4C4605}.Debug|x86.Build.0 = Debug|Any CPU
		{100344CD-0F2F-41AF-9EB4-2D4B5D4C4605}.Release|Any CPU.ActiveCfg = Release|Any CPU
		{100344CD-0F2F-41AF-9EB4-2D4B5D4C4605}.Release|Any CPU.Build.0 = Release|Any CPU
		{100344CD-0F2F-41AF-9EB4-2D4B5D4C4605}.Release|x64.ActiveCfg = Release|Any CPU
		{100344CD-0F2F-41AF-9EB4-2D4B5D4C4605}.Release|x64.Build.0 = Release|Any CPU
		{100344CD-0F2F-41AF-9EB4-2D4B5D4C4605}.Release|x86.ActiveCfg = Release|Any CPU
		{100344CD-0F2F-41AF-9EB4-2D4B5D4C4605}.Release|x86.Build.0 = Release|Any CPU
	EndGlobalSection
	GlobalSection(SolutionProperties) = preSolution
		HideSolutionNode = FALSE
	EndGlobalSection
	GlobalSection(NestedProjects) = preSolution
		{FC4D94C4-17B6-4419-A2F1-64916E0B8403} = {827E0CD3-B72D-47B6-A68D-7590B98EB39B}
		{F00DC498-BE82-4C44-B164-F4510C30C809} = {827E0CD3-B72D-47B6-A68D-7590B98EB39B}
		{15F2EAA2-2656-42E4-9632-8C1E46074F06} = {827E0CD3-B72D-47B6-A68D-7590B98EB39B}
		{C8100E99-44BD-40B9-9087-725A7BE56668} = {827E0CD3-B72D-47B6-A68D-7590B98EB39B}
		{7359C787-C37A-4A84-84C8-13BF2E38E6A7} = {827E0CD3-B72D-47B6-A68D-7590B98EB39B}
		{D6D96085-82FD-4BF0-95D8-D51A0CE88A93} = {827E0CD3-B72D-47B6-A68D-7590B98EB39B}
		{608F4508-A071-4925-873E-71F2AE5E88AA} = {827E0CD3-B72D-47B6-A68D-7590B98EB39B}
		{100344CD-0F2F-41AF-9EB4-2D4B5D4C4605} = {827E0CD3-B72D-47B6-A68D-7590B98EB39B}
	EndGlobalSection
EndGlobal
